
Microsoft Visual Studio Solution File, Format Version 12.00
# Visual Studio Version 17
VisualStudioVersion = 17.4.33205.214
MinimumVisualStudioVersion = 10.0.40219.1
Project("{FAE04EC0-301F-11D3-BF4B-00C04F79EFBC}") = "EchoBot1", "EchoBot1\EchoBot1.csproj", "{490D01E9-E546-497B-90F7-87F98AA80D23}"
EndProject
Global
	GlobalSection(SolutionConfigurationPlatforms) = preSolution
		Debug|Any CPU = Debug|Any CPU
		Release|Any CPU = Release|Any CPU
	EndGlobalSection
	GlobalSection(ProjectConfigurationPlatforms) = postSolution
		{490D01E9-E546-497B-90F7-87F98AA80D23}.Debug|Any CPU.ActiveCfg = Debug|Any CPU
		{490D01E9-E546-497B-90F7-87F98AA80D23}.Debug|Any CPU.Build.0 = Debug|Any CPU
		{490D01E9-E546-497B-90F7-87F98AA80D23}.Release|Any CPU.ActiveCfg = Release|Any CPU
		{490D01E9-E546-497B-90F7-87F98AA80D23}.Release|Any CPU.Build.0 = Release|Any CPU
	EndGlobalSection
	GlobalSection(SolutionProperties) = preSolution
		HideSolutionNode = FALSE
	EndGlobalSection
	GlobalSection(ExtensibilityGlobals) = postSolution
		SolutionGuid = {2EA4E0A8-6E53-452E-BCE3-27D5372D5D9D}
	EndGlobalSection
EndGlobal
